
Microsoft Visual Studio Solution File, Format Version 12.00
# Visual Studio Version 17
VisualStudioVersion = 17.4.33213.308
MinimumVisualStudioVersion = 10.0.40219.1
Project("{FAE04EC0-301F-11D3-BF4B-00C04F79EFBC}") = "DatabaseQ", "DatabaseQ\DatabaseQ.csproj", "{836809A4-FEFB-4BE4-9C33-F86B3B1CDEE6}"
EndProject
Global
	GlobalSection(SolutionConfigurationPlatforms) = preSolution
		Debug|Any CPU = Debug|Any CPU
		Release|Any CPU = Release|Any CPU
	EndGlobalSection
	GlobalSection(ProjectConfigurationPlatforms) = postSolution
		{836809A4-FEFB-4BE4-9C33-F86B3B1CDEE6}.Debug|Any CPU.ActiveCfg = Debug|Any CPU
		{836809A4-FEFB-4BE4-9C33-F86B3B1CDEE6}.Debug|Any CPU.Build.0 = Debug|Any CPU
		{836809A4-FEFB-4BE4-9C33-F86B3B1CDEE6}.Release|Any CPU.ActiveCfg = Release|Any CPU
		{836809A4-FEFB-4BE4-9C33-F86B3B1CDEE6}.Release|Any CPU.Build.0 = Release|Any CPU
	EndGlobalSection
	GlobalSection(SolutionProperties) = preSolution
		HideSolutionNode = FALSE
	EndGlobalSection
	GlobalSection(ExtensibilityGlobals) = postSolution
		SolutionGuid = {DBF328D0-802B-415B-A58A-6F7392575D93}
	EndGlobalSection
EndGlobal
